
Microsoft Visual Studio Solution File, Format Version 12.00
# Visual Studio 16
Project("{FAE04EC0-301F-11D3-BF4B-00C04F79EFBC}") = "Assembly-CSharp", "Assembly-CSharp.csproj", "{5313DF1E-B1F6-9AC4-FA08-E10FD265D884}"
EndProject
Project("{FAE04EC0-301F-11D3-BF4B-00C04F79EFBC}") = "Assembly-CSharp-Editor", "Assembly-CSharp-Editor.csproj", "{663971CF-03D5-88E2-D744-A9A40857B573}"
EndProject
Global
	GlobalSection(SolutionConfigurationPlatforms) = preSolution
		Debug|Any CPU = Debug|Any CPU
		Release|Any CPU = Release|Any CPU
	EndGlobalSection
	GlobalSection(ProjectConfigurationPlatforms) = postSolution
		{5313DF1E-B1F6-9AC4-FA08-E10FD265D884}.Debug|Any CPU.ActiveCfg = Debug|Any CPU
		{5313DF1E-B1F6-9AC4-FA08-E10FD265D884}.Debug|Any CPU.Build.0 = Debug|Any CPU
		{5313DF1E-B1F6-9AC4-FA08-E10FD265D884}.Release|Any CPU.ActiveCfg = Release|Any CPU
		{5313DF1E-B1F6-9AC4-FA08-E10FD265D884}.Release|Any CPU.Build.0 = Release|Any CPU
		{663971CF-03D5-88E2-D744-A9A40857B573}.Debug|Any CPU.ActiveCfg = Debug|Any CPU
		{663971CF-03D5-88E2-D744-A9A40857B573}.Debug|Any CPU.Build.0 = Debug|Any CPU
		{663971CF-03D5-88E2-D744-A9A40857B573}.Release|Any CPU.ActiveCfg = Release|Any CPU
		{663971CF-03D5-88E2-D744-A9A40857B573}.Release|Any CPU.Build.0 = Release|Any CPU
	EndGlobalSection
	GlobalSection(SolutionProperties) = preSolution
		HideSolutionNode = FALSE
	EndGlobalSection
EndGlobal
